// !$*UTF8*$!
{
	archiveVersion = 1;
	classes = {
	};
	objectVersion = 56;
	objects = {

/* Begin PBXBuildFile section */
		FA61FE24294E8FAD009E1417 /* Assets.xcassets in Resources */ = {isa = PBXBuildFile; fileRef = FA61FE1D294E8FAD009E1417 /* Assets.xcassets */; };
		FA61FE25294E8FAD009E1417 /* Preview Assets.xcassets in Resources */ = {isa = PBXBuildFile; fileRef = FA61FE1F294E8FAD009E1417 /* Preview Assets.xcassets */; };
		FA61FE26294E8FAD009E1417 /* MetricsMacApp.swift in Sources */ = {isa = PBXBuildFile; fileRef = FA61FE22294E8FAD009E1417 /* MetricsMacApp.swift */; };
		FA61FE27294E8FAD009E1417 /* ContentView.swift in Sources */ = {isa = PBXBuildFile; fileRef = FA61FE23294E8FAD009E1417 /* ContentView.swift */; };
		FA61FE2B294E90B0009E1417 /* IOC.swift in Sources */ = {isa = PBXBuildFile; fileRef = FA61FE2A294E90B0009E1417 /* IOC.swift */; };
		FA61FE2D294E90C3009E1417 /* ContentViewModel.swift in Sources */ = {isa = PBXBuildFile; fileRef = FA61FE2C294E90C3009E1417 /* ContentViewModel.swift */; };
		FA61FE30294E90F5009E1417 /* ASKCore in Frameworks */ = {isa = PBXBuildFile; productRef = FA61FE2F294E90F5009E1417 /* ASKCore */; };
		FA61FE32294E90F7009E1417 /* SwiftCommon in Frameworks */ = {isa = PBXBuildFile; productRef = FA61FE31294E90F7009E1417 /* SwiftCommon */; };
/* End PBXBuildFile section */

/* Begin PBXFileReference section */
		FA61FE07294E8D2F009E1417 /* MetricsMac.app */ = {isa = PBXFileReference; explicitFileType = wrapper.application; includeInIndex = 0; path = MetricsMac.app; sourceTree = BUILT_PRODUCTS_DIR; };
		FA61FE13294E8D30009E1417 /* MetricsMac.entitlements */ = {isa = PBXFileReference; lastKnownFileType = text.plist.entitlements; path = MetricsMac.entitlements; sourceTree = "<group>"; };
		FA61FE1A294E8E21009E1417 /* SwiftCommon */ = {isa = PBXFileReference; lastKnownFileType = wrapper; name = SwiftCommon; path = ../SwiftCommon; sourceTree = "<group>"; };
		FA61FE1B294E8E2C009E1417 /* ASKCore */ = {isa = PBXFileReference; lastKnownFileType = wrapper; name = ASKCore; path = ../MetricFetcher/Frameworks/ASKCore; sourceTree = "<group>"; };
		FA61FE1D294E8FAD009E1417 /* Assets.xcassets */ = {isa = PBXFileReference; lastKnownFileType = folder.assetcatalog; path = Assets.xcassets; sourceTree = "<group>"; };
		FA61FE1F294E8FAD009E1417 /* Preview Assets.xcassets */ = {isa = PBXFileReference; lastKnownFileType = folder.assetcatalog; path = "Preview Assets.xcassets"; sourceTree = "<group>"; };
		FA61FE22294E8FAD009E1417 /* MetricsMacApp.swift */ = {isa = PBXFileReference; fileEncoding = 4; lastKnownFileType = sourcecode.swift; path = MetricsMacApp.swift; sourceTree = "<group>"; };
		FA61FE23294E8FAD009E1417 /* ContentView.swift */ = {isa = PBXFileReference; fileEncoding = 4; lastKnownFileType = sourcecode.swift; path = ContentView.swift; sourceTree = "<group>"; };
		FA61FE2A294E90B0009E1417 /* IOC.swift */ = {isa = PBXFileReference; lastKnownFileType = sourcecode.swift; path = IOC.swift; sourceTree = "<group>"; };
		FA61FE2C294E90C3009E1417 /* ContentViewModel.swift */ = {isa = PBXFileReference; lastKnownFileType = sourcecode.swift; path = ContentViewModel.swift; sourceTree = "<group>"; };
/* End PBXFileReference section */

/* Begin PBXFrameworksBuildPhase section */
		FA61FE04294E8D2F009E1417 /* Frameworks */ = {
			isa = PBXFrameworksBuildPhase;
			buildActionMask = 2147483647;
			files = (
				FA61FE30294E90F5009E1417 /* ASKCore in Frameworks */,
				FA61FE32294E90F7009E1417 /* SwiftCommon in Frameworks */,
			);
			runOnlyForDeploymentPostprocessing = 0;
		};
/* End PBXFrameworksBuildPhase section */

/* Begin PBXGroup section */
		FA61FDFE294E8D2F009E1417 = {
			isa = PBXGroup;
			children = (
				FA61FE19294E8E21009E1417 /* Packages */,
				FA61FE09294E8D2F009E1417 /* MetricsMac */,
				FA61FE08294E8D2F009E1417 /* Products */,
				FA61FE2E294E90F5009E1417 /* Frameworks */,
			);
			sourceTree = "<group>";
		};
		FA61FE08294E8D2F009E1417 /* Products */ = {
			isa = PBXGroup;
			children = (
				FA61FE07294E8D2F009E1417 /* MetricsMac.app */,
			);
			name = Products;
			sourceTree = "<group>";
		};
		FA61FE09294E8D2F009E1417 /* MetricsMac */ = {
			isa = PBXGroup;
			children = (
				FA61FE1C294E8FAD009E1417 /* Resource */,
				FA61FE20294E8FAD009E1417 /* Scene */,
				FA61FE13294E8D30009E1417 /* MetricsMac.entitlements */,
				FA61FE28294E9096009E1417 /* Service */,
			);
			path = MetricsMac;
			sourceTree = "<group>";
		};
		FA61FE19294E8E21009E1417 /* Packages */ = {
			isa = PBXGroup;
			children = (
				FA61FE1A294E8E21009E1417 /* SwiftCommon */,
				FA61FE1B294E8E2C009E1417 /* ASKCore */,
			);
			name = Packages;
			sourceTree = "<group>";
		};
		FA61FE1C294E8FAD009E1417 /* Resource */ = {
			isa = PBXGroup;
			children = (
				FA61FE1D294E8FAD009E1417 /* Assets.xcassets */,
				FA61FE1E294E8FAD009E1417 /* Preview Content */,
			);
			path = Resource;
			sourceTree = "<group>";
		};
		FA61FE1E294E8FAD009E1417 /* Preview Content */ = {
			isa = PBXGroup;
			children = (
				FA61FE1F294E8FAD009E1417 /* Preview Assets.xcassets */,
			);
			path = "Preview Content";
			sourceTree = "<group>";
		};
		FA61FE20294E8FAD009E1417 /* Scene */ = {
			isa = PBXGroup;
			children = (
				FA61FE21294E8FAD009E1417 /* App */,
			);
			path = Scene;
			sourceTree = "<group>";
		};
		FA61FE21294E8FAD009E1417 /* App */ = {
			isa = PBXGroup;
			children = (
				FA61FE22294E8FAD009E1417 /* MetricsMacApp.swift */,
				FA61FE23294E8FAD009E1417 /* ContentView.swift */,
				FA61FE2C294E90C3009E1417 /* ContentViewModel.swift */,
			);
			path = App;
			sourceTree = "<group>";
		};
		FA61FE28294E9096009E1417 /* Service */ = {
			isa = PBXGroup;
			children = (
				FA61FE29294E9096009E1417 /* App */,
			);
			path = Service;
			sourceTree = "<group>";
		};
		FA61FE29294E9096009E1417 /* App */ = {
			isa = PBXGroup;
			children = (
				FA61FE2A294E90B0009E1417 /* IOC.swift */,
			);
			path = App;
			sourceTree = "<group>";
		};
		FA61FE2E294E90F5009E1417 /* Frameworks */ = {
			isa = PBXGroup;
			children = (
			);
			name = Frameworks;
			sourceTree = "<group>";
		};
/* End PBXGroup section */

/* Begin PBXNativeTarget section */
		FA61FE06294E8D2F009E1417 /* MetricsMac */ = {
			isa = PBXNativeTarget;
			buildConfigurationList = FA61FE16294E8D30009E1417 /* Build configuration list for PBXNativeTarget "MetricsMac" */;
			buildPhases = (
				FA61FE03294E8D2F009E1417 /* Sources */,
				FA61FE04294E8D2F009E1417 /* Frameworks */,
				FA61FE05294E8D2F009E1417 /* Resources */,
			);
			buildRules = (
			);
			dependencies = (
			);
			name = MetricsMac;
			packageProductDependencies = (
				FA61FE2F294E90F5009E1417 /* ASKCore */,
				FA61FE31294E90F7009E1417 /* SwiftCommon */,
			);
			productName = MetricsMac;
			productReference = FA61FE07294E8D2F009E1417 /* MetricsMac.app */;
			productType = "com.apple.product-type.application";
		};
/* End PBXNativeTarget section */

/* Begin PBXProject section */
		FA61FDFF294E8D2F009E1417 /* Project object */ = {
			isa = PBXProject;
			attributes = {
				BuildIndependentTargetsInParallel = 1;
				LastSwiftUpdateCheck = 1410;
				LastUpgradeCheck = 1410;
				TargetAttributes = {
					FA61FE06294E8D2F009E1417 = {
						CreatedOnToolsVersion = 14.1;
					};
				};
			};
			buildConfigurationList = FA61FE02294E8D2F009E1417 /* Build configuration list for PBXProject "MetricsMac" */;
			compatibilityVersion = "Xcode 14.0";
			developmentRegion = en;
			hasScannedForEncodings = 0;
			knownRegions = (
				en,
				Base,
			);
			mainGroup = FA61FDFE294E8D2F009E1417;
			productRefGroup = FA61FE08294E8D2F009E1417 /* Products */;
			projectDirPath = "";
			projectRoot = "";
			targets = (
				FA61FE06294E8D2F009E1417 /* MetricsMac */,
			);
		};
/* End PBXProject section */

/* Begin PBXResourcesBuildPhase section */
		FA61FE05294E8D2F009E1417 /* Resources */ = {
			isa = PBXResourcesBuildPhase;
			buildActionMask = 2147483647;
			files = (
				FA61FE24294E8FAD009E1417 /* Assets.xcassets in Resources */,
				FA61FE25294E8FAD009E1417 /* Preview Assets.xcassets in Resources */,
			);
			runOnlyForDeploymentPostprocessing = 0;
		};
/* End PBXResourcesBuildPhase section */

/* Begin PBXSourcesBuildPhase section */
		FA61FE03294E8D2F009E1417 /* Sources */ = {
			isa = PBXSourcesBuildPhase;
			buildActionMask = 2147483647;
			files = (
				FA61FE2D294E90C3009E1417 /* ContentViewModel.swift in Sources */,
				FA61FE27294E8FAD009E1417 /* ContentView.swift in Sources */,
				FA61FE2B294E90B0009E1417 /* IOC.swift in Sources */,
				FA61FE26294E8FAD009E1417 /* MetricsMacApp.swift in Sources */,
			);
			runOnlyForDeploymentPostprocessing = 0;
		};
/* End PBXSourcesBuildPhase section */

/* Begin XCBuildConfiguration section */
		FA61FE14294E8D30009E1417 /* Debug */ = {
			isa = XCBuildConfiguration;
			buildSettings = {
				ALWAYS_SEARCH_USER_PATHS = NO;
				CLANG_ANALYZER_NONNULL = YES;
				CLANG_ANALYZER_NUMBER_OBJECT_CONVERSION = YES_AGGRESSIVE;
				CLANG_CXX_LANGUAGE_STANDARD = "gnu++20";
				CLANG_ENABLE_MODULES = YES;
				CLANG_ENABLE_OBJC_ARC = YES;
				CLANG_ENABLE_OBJC_WEAK = YES;
				CLANG_WARN_BLOCK_CAPTURE_AUTORELEASING = YES;
				CLANG_WARN_BOOL_CONVERSION = YES;
				CLANG_WARN_COMMA = YES;
				CLANG_WARN_CONSTANT_CONVERSION = YES;
				CLANG_WARN_DEPRECATED_OBJC_IMPLEMENTATIONS = YES;
				CLANG_WARN_DIRECT_OBJC_ISA_USAGE = YES_ERROR;
				CLANG_WARN_DOCUMENTATION_COMMENTS = YES;
				CLANG_WARN_EMPTY_BODY = YES;
				CLANG_WARN_ENUM_CONVERSION = YES;
				CLANG_WARN_INFINITE_RECURSION = YES;
				CLANG_WARN_INT_CONVERSION = YES;
				CLANG_WARN_NON_LITERAL_NULL_CONVERSION = YES;
				CLANG_WARN_OBJC_IMPLICIT_RETAIN_SELF = YES;
				CLANG_WARN_OBJC_LITERAL_CONVERSION = YES;
				CLANG_WARN_OBJC_ROOT_CLASS = YES_ERROR;
				CLANG_WARN_QUOTED_INCLUDE_IN_FRAMEWORK_HEADER = YES;
				CLANG_WARN_RANGE_LOOP_ANALYSIS = YES;
				CLANG_WARN_STRICT_PROTOTYPES = YES;
				CLANG_WARN_SUSPICIOUS_MOVE = YES;
				CLANG_WARN_UNGUARDED_AVAILABILITY = YES_AGGRESSIVE;
				CLANG_WARN_UNREACHABLE_CODE = YES;
				CLANG_WARN__DUPLICATE_METHOD_MATCH = YES;
				COPY_PHASE_STRIP = NO;
				DEBUG_INFORMATION_FORMAT = dwarf;
				ENABLE_STRICT_OBJC_MSGSEND = YES;
				ENABLE_TESTABILITY = YES;
				GCC_C_LANGUAGE_STANDARD = gnu11;
				GCC_DYNAMIC_NO_PIC = NO;
				GCC_NO_COMMON_BLOCKS = YES;
				GCC_OPTIMIZATION_LEVEL = 0;
				GCC_PREPROCESSOR_DEFINITIONS = (
					"DEBUG=1",
					"$(inherited)",
				);
				GCC_WARN_64_TO_32_BIT_CONVERSION = YES;
				GCC_WARN_ABOUT_RETURN_TYPE = YES_ERROR;
				GCC_WARN_UNDECLARED_SELECTOR = YES;
				GCC_WARN_UNINITIALIZED_AUTOS = YES_AGGRESSIVE;
				GCC_WARN_UNUSED_FUNCTION = YES;
				GCC_WARN_UNUSED_VARIABLE = YES;
				MACOSX_DEPLOYMENT_TARGET = 13.0;
				MTL_ENABLE_DEBUG_INFO = INCLUDE_SOURCE;
				MTL_FAST_MATH = YES;
				ONLY_ACTIVE_ARCH = YES;
				SDKROOT = macosx;
				SWIFT_ACTIVE_COMPILATION_CONDITIONS = DEBUG;
				SWIFT_OPTIMIZATION_LEVEL = "-Onone";
			};
			name = Debug;
		};
		FA61FE15294E8D30009E1417 /* Release */ = {
			isa = XCBuildConfiguration;
			buildSettings = {
				ALWAYS_SEARCH_USER_PATHS = NO;
				CLANG_ANALYZER_NONNULL = YES;
				CLANG_ANALYZER_NUMBER_OBJECT_CONVERSION = YES_AGGRESSIVE;
				CLANG_CXX_LANGUAGE_STANDARD = "gnu++20";
				CLANG_ENABLE_MODULES = YES;
				CLANG_ENABLE_OBJC_ARC = YES;
				CLANG_ENABLE_OBJC_WEAK = YES;
				CLANG_WARN_BLOCK_CAPTURE_AUTORELEASING = YES;
				CLANG_WARN_BOOL_CONVERSION = YES;
				CLANG_WARN_COMMA = YES;
				CLANG_WARN_CONSTANT_CONVERSION = YES;
				CLANG_WARN_DEPRECATED_OBJC_IMPLEMENTATIONS = YES;
				CLANG_WARN_DIRECT_OBJC_ISA_USAGE = YES_ERROR;
				CLANG_WARN_DOCUMENTATION_COMMENTS = YES;
				CLANG_WARN_EMPTY_BODY = YES;
				CLANG_WARN_ENUM_CONVERSION = YES;
				CLANG_WARN_INFINITE_RECURSION = YES;
				CLANG_WARN_INT_CONVERSION = YES;
				CLANG_WARN_NON_LITERAL_NULL_CONVERSION = YES;
				CLANG_WARN_OBJC_IMPLICIT_RETAIN_SELF = YES;
				CLANG_WARN_OBJC_LITERAL_CONVERSION = YES;
				CLANG_WARN_OBJC_ROOT_CLASS = YES_ERROR;
				CLANG_WARN_QUOTED_INCLUDE_IN_FRAMEWORK_HEADER = YES;
				CLANG_WARN_RANGE_LOOP_ANALYSIS = YES;
				CLANG_WARN_STRICT_PROTOTYPES = YES;
				CLANG_WARN_SUSPICIOUS_MOVE = YES;
				CLANG_WARN_UNGUARDED_AVAILABILITY = YES_AGGRESSIVE;
				CLANG_WARN_UNREACHABLE_CODE = YES;
				CLANG_WARN__DUPLICATE_METHOD_MATCH = YES;
				COPY_PHASE_STRIP = NO;
				DEBUG_INFORMATION_FORMAT = "dwarf-with-dsym";
				ENABLE_NS_ASSERTIONS = NO;
				ENABLE_STRICT_OBJC_MSGSEND = YES;
				GCC_C_LANGUAGE_STANDARD = gnu11;
				GCC_NO_COMMON_BLOCKS = YES;
				GCC_WARN_64_TO_32_BIT_CONVERSION = YES;
				GCC_WARN_ABOUT_RETURN_TYPE = YES_ERROR;
				GCC_WARN_UNDECLARED_SELECTOR = YES;
				GCC_WARN_UNINITIALIZED_AUTOS = YES_AGGRESSIVE;
				GCC_WARN_UNUSED_FUNCTION = YES;
				GCC_WARN_UNUSED_VARIABLE = YES;
				MACOSX_DEPLOYMENT_TARGET = 13.0;
				MTL_ENABLE_DEBUG_INFO = NO;
				MTL_FAST_MATH = YES;
				SDKROOT = macosx;
				SWIFT_COMPILATION_MODE = wholemodule;
				SWIFT_OPTIMIZATION_LEVEL = "-O";
			};
			name = Release;
		};
		FA61FE17294E8D30009E1417 /* Debug */ = {
			isa = XCBuildConfiguration;
			buildSettings = {
				ASSETCATALOG_COMPILER_APPICON_NAME = AppIcon;
				ASSETCATALOG_COMPILER_GLOBAL_ACCENT_COLOR_NAME = AccentColor;
				CODE_SIGN_ENTITLEMENTS = MetricsMac/MetricsMac.entitlements;
				CODE_SIGN_STYLE = Automatic;
				COMBINE_HIDPI_IMAGES = YES;
				CURRENT_PROJECT_VERSION = 1;
				DEVELOPMENT_ASSET_PATHS = "\"MetricsMac/Resource/Preview Content\"";
				DEVELOPMENT_TEAM = X4S6MUZL2D;
				ENABLE_HARDENED_RUNTIME = YES;
				ENABLE_PREVIEWS = YES;
				GENERATE_INFOPLIST_FILE = YES;
				INFOPLIST_KEY_NSHumanReadableCopyright = "";
				LD_RUNPATH_SEARCH_PATHS = (
					"$(inherited)",
					"@executable_path/../Frameworks",
				);
				MARKETING_VERSION = 1.0;
				PRODUCT_BUNDLE_IDENTIFIER = com.skorulis.MetricsMac;
				PRODUCT_NAME = "$(TARGET_NAME)";
				SWIFT_EMIT_LOC_STRINGS = YES;
				SWIFT_VERSION = 5.0;
			};
			name = Debug;
		};
		FA61FE18294E8D30009E1417 /* Release */ = {
			isa = XCBuildConfiguration;
			buildSettings = {
				ASSETCATALOG_COMPILER_APPICON_NAME = AppIcon;
				ASSETCATALOG_COMPILER_GLOBAL_ACCENT_COLOR_NAME = AccentColor;
				CODE_SIGN_ENTITLEMENTS = MetricsMac/MetricsMac.entitlements;
				CODE_SIGN_STYLE = Automatic;
				COMBINE_HIDPI_IMAGES = YES;
				CURRENT_PROJECT_VERSION = 1;
				DEVELOPMENT_ASSET_PATHS = "\"MetricsMac/Resource/Preview Content\"";
				DEVELOPMENT_TEAM = X4S6MUZL2D;
				ENABLE_HARDENED_RUNTIME = YES;
				ENABLE_PREVIEWS = YES;
				GENERATE_INFOPLIST_FILE = YES;
				INFOPLIST_KEY_NSHumanReadableCopyright = "";
				LD_RUNPATH_SEARCH_PATHS = (
					"$(inherited)",
					"@executable_path/../Frameworks",
				);
				MARKETING_VERSION = 1.0;
				PRODUCT_BUNDLE_IDENTIFIER = com.skorulis.MetricsMac;
				PRODUCT_NAME = "$(TARGET_NAME)";
				SWIFT_EMIT_LOC_STRINGS = YES;
				SWIFT_VERSION = 5.0;
			};
			name = Release;
		};
/* End XCBuildConfiguration section */

/* Begin XCConfigurationList section */
		FA61FE02294E8D2F009E1417 /* Build configuration list for PBXProject "MetricsMac" */ = {
			isa = XCConfigurationList;
			buildConfigurations = (
				FA61FE14294E8D30009E1417 /* Debug */,
				FA61FE15294E8D30009E1417 /* Release */,
			);
			defaultConfigurationIsVisible = 0;
			defaultConfigurationName = Release;
		};
		FA61FE16294E8D30009E1417 /* Build configuration list for PBXNativeTarget "MetricsMac" */ = {
			isa = XCConfigurationList;
			buildConfigurations = (
				FA61FE17294E8D30009E1417 /* Debug */,
				FA61FE18294E8D30009E1417 /* Release */,
			);
			defaultConfigurationIsVisible = 0;
			defaultConfigurationName = Release;
		};
/* End XCConfigurationList section */

/* Begin XCSwiftPackageProductDependency section */
		FA61FE2F294E90F5009E1417 /* ASKCore */ = {
			isa = XCSwiftPackageProductDependency;
			productName = ASKCore;
		};
		FA61FE31294E90F7009E1417 /* SwiftCommon */ = {
			isa = XCSwiftPackageProductDependency;
			productName = SwiftCommon;
		};
/* End XCSwiftPackageProductDependency section */
	};
	rootObject = FA61FDFF294E8D2F009E1417 /* Project object */;
}
